
Microsoft Visual Studio Solution File, Format Version 12.00
# Visual Studio Version 17
VisualStudioVersion = 17.6.33723.286
MinimumVisualStudioVersion = 10.0.40219.1
Project("{FAE04EC0-301F-11D3-BF4B-00C04F79EFBC}") = "CodeFirstNewDatabaseSample", "CodeFirstNewDatabaseSample\CodeFirstNewDatabaseSample.csproj", "{60DCA271-5667-42A5-A447-DBFED3844913}"
EndProject
Global
	GlobalSection(SolutionConfigurationPlatforms) = preSolution
		Debug|Any CPU = Debug|Any CPU
		Release|Any CPU = Release|Any CPU
	EndGlobalSection
	GlobalSection(ProjectConfigurationPlatforms) = postSolution
		{60DCA271-5667-42A5-A447-DBFED3844913}.Debug|Any CPU.ActiveCfg = Debug|Any CPU
		{60DCA271-5667-42A5-A447-DBFED3844913}.Debug|Any CPU.Build.0 = Debug|Any CPU
		{60DCA271-5667-42A5-A447-DBFED3844913}.Release|Any CPU.ActiveCfg = Release|Any CPU
		{60DCA271-5667-42A5-A447-DBFED3844913}.Release|Any CPU.Build.0 = Release|Any CPU
	EndGlobalSection
	GlobalSection(SolutionProperties) = preSolution
		HideSolutionNode = FALSE
	EndGlobalSection
	GlobalSection(ExtensibilityGlobals) = postSolution
		SolutionGuid = {CCC06731-0907-40A7-9EB3-44C083ABB37B}
	EndGlobalSection
EndGlobal
